
Microsoft Visual Studio Solution File, Format Version 12.00
# Visual Studio Version 17
VisualStudioVersion = 17.0.31903.59
MinimumVisualStudioVersion = 10.0.40219.1
Project("{2150E333-8FDC-42A3-9474-1A3956D46DE8}") = "src", "src", "{827E0CD3-B72D-47B6-A68D-7590B98EB39B}"
EndProject
Project("{2150E333-8FDC-42A3-9474-1A3956D46DE8}") = "tests", "tests", "{0AB3BF05-4346-4AA6-1389-037BE0695223}"
EndProject
Project("{2150E333-8FDC-42A3-9474-1A3956D46DE8}") = "docs", "docs", "{208BA388-4CEE-2CBF-559C-5607C099C1F8}"
EndProject
Project("{FAE04EC0-301F-11D3-BF4B-00C04F79EFBC}") = "AegisAuth.Application", "src\AegisAuth.Application\AegisAuth.Application.csproj", "{5E8CD4CF-FA16-49D6-BFA0-426B7A289306}"
EndProject
Project("{FAE04EC0-301F-11D3-BF4B-00C04F79EFBC}") = "AegisAuth.Domain", "src\AegisAuth.Domain\AegisAuth.Domain.csproj", "{B70B51C6-0CF7-4C7A-AD03-B56C302A4602}"
EndProject
Project("{FAE04EC0-301F-11D3-BF4B-00C04F79EFBC}") = "AegisAuth.Infrastructure", "src\AegisAuth.Infrastructure\AegisAuth.Infrastructure.csproj", "{3D69FA0A-F04A-4F62-B9E1-1C5951AB89B7}"
EndProject
Project("{FAE04EC0-301F-11D3-BF4B-00C04F79EFBC}") = "AegisAuth.Persistence", "src\AegisAuth.Persistence\AegisAuth.Persistence.csproj", "{2813BC39-D2C7-4265-8126-C5CB45CFD53C}"
EndProject
Project("{FAE04EC0-301F-11D3-BF4B-00C04F79EFBC}") = "AegisAuth.API", "src\AegisAuth.API\AegisAuth.API.csproj", "{D3B929F0-6E10-4254-BAF9-996F1F0E2636}"
EndProject
Project("{FAE04EC0-301F-11D3-BF4B-00C04F79EFBC}") = "AegisAtuh.Domain.Tests", "tests\AegisAtuh.Domain.Tests\AegisAtuh.Domain.Tests.csproj", "{1F77EE6F-FF5B-4593-94FC-8D258ED86305}"
EndProject
Project("{FAE04EC0-301F-11D3-BF4B-00C04F79EFBC}") = "AegisAuth.API.IntegrationTests", "tests\AegisAuth.API.IntegrationTests\AegisAuth.API.IntegrationTests.csproj", "{66C13E9D-3533-4EB4-A4C0-003546863CEF}"
EndProject
Project("{FAE04EC0-301F-11D3-BF4B-00C04F79EFBC}") = "AegisAuth.Application.Tests", "tests\AegisAuth.Application.Tests\AegisAuth.Application.Tests.csproj", "{E3DE01A1-8FDF-47A8-A8BC-DA9DC2E6EE60}"
EndProject
Project("{FAE04EC0-301F-11D3-BF4B-00C04F79EFBC}") = "AegisAuth.AdminPortal", "src\AegisAuth.AdminPortal\AegisAuth.AdminPortal\AegisAuth.AdminPortal.csproj", "{89A52C2B-6B47-4327-854F-E4E0FA5CCE05}"
EndProject
Project("{FAE04EC0-301F-11D3-BF4B-00C04F79EFBC}") = "AegisAuth.AdminPortal.Client", "src\AegisAuth.AdminPortal\AegisAuth.AdminPortal.Client\AegisAuth.AdminPortal.Client.csproj", "{684F5409-EEE7-433B-A712-51AEE83CDD30}"
EndProject
Global
	GlobalSection(SolutionConfigurationPlatforms) = preSolution
		Debug|Any CPU = Debug|Any CPU
		Debug|x64 = Debug|x64
		Debug|x86 = Debug|x86
		Release|Any CPU = Release|Any CPU
		Release|x64 = Release|x64
		Release|x86 = Release|x86
	EndGlobalSection
	GlobalSection(ProjectConfigurationPlatforms) = postSolution
		{5E8CD4CF-FA16-49D6-BFA0-426B7A289306}.Debug|Any CPU.ActiveCfg = Debug|Any CPU
		{5E8CD4CF-FA16-49D6-BFA0-426B7A289306}.Debug|Any CPU.Build.0 = Debug|Any CPU
		{5E8CD4CF-FA16-49D6-BFA0-426B7A289306}.Debug|x64.ActiveCfg = Debug|Any CPU
		{5E8CD4CF-FA16-49D6-BFA0-426B7A289306}.Debug|x64.Build.0 = Debug|Any CPU
		{5E8CD4CF-FA16-49D6-BFA0-426B7A289306}.Debug|x86.ActiveCfg = Debug|Any CPU
		{5E8CD4CF-FA16-49D6-BFA0-426B7A289306}.Debug|x86.Build.0 = Debug|Any CPU
		{5E8CD4CF-FA16-49D6-BFA0-426B7A289306}.Release|Any CPU.ActiveCfg = Release|Any CPU
		{5E8CD4CF-FA16-49D6-BFA0-426B7A289306}.Release|Any CPU.Build.0 = Release|Any CPU
		{5E8CD4CF-FA16-49D6-BFA0-426B7A289306}.Release|x64.ActiveCfg = Release|Any CPU
		{5E8CD4CF-FA16-49D6-BFA0-426B7A289306}.Release|x64.Build.0 = Release|Any CPU
		{5E8CD4CF-FA16-49D6-BFA0-426B7A289306}.Release|x86.ActiveCfg = Release|Any CPU
		{5E8CD4CF-FA16-49D6-BFA0-426B7A289306}.Release|x86.Build.0 = Release|Any CPU
		{B70B51C6-0CF7-4C7A-AD03-B56C302A4602}.Debug|Any CPU.ActiveCfg = Debug|Any CPU
		{B70B51C6-0CF7-4C7A-AD03-B56C302A4602}.Debug|Any CPU.Build.0 = Debug|Any CPU
		{B70B51C6-0CF7-4C7A-AD03-B56C302A4602}.Debug|x64.ActiveCfg = Debug|Any CPU
		{B70B51C6-0CF7-4C7A-AD03-B56C302A4602}.Debug|x64.Build.0 = Debug|Any CPU
		{B70B51C6-0CF7-4C7A-AD03-B56C302A4602}.Debug|x86.ActiveCfg = Debug|Any CPU
		{B70B51C6-0CF7-4C7A-AD03-B56C302A4602}.Debug|x86.Build.0 = Debug|Any CPU
		{B70B51C6-0CF7-4C7A-AD03-B56C302A4602}.Release|Any CPU.ActiveCfg = Release|Any CPU
		{B70B51C6-0CF7-4C7A-AD03-B56C302A4602}.Release|Any CPU.Build.0 = Release|Any CPU
		{B70B51C6-0CF7-4C7A-AD03-B56C302A4602}.Release|x64.ActiveCfg = Release|Any CPU
		{B70B51C6-0CF7-4C7A-AD03-B56C302A4602}.Release|x64.Build.0 = Release|Any CPU
		{B70B51C6-0CF7-4C7A-AD03-B56C302A4602}.Release|x86.ActiveCfg = Release|Any CPU
		{B70B51C6-0CF7-4C7A-AD03-B56C302A4602}.Release|x86.Build.0 = Release|Any CPU
		{3D69FA0A-F04A-4F62-B9E1-1C5951AB89B7}.Debug|Any CPU.ActiveCfg = Debug|Any CPU
		{3D69FA0A-F04A-4F62-B9E1-1C5951AB89B7}.Debug|Any CPU.Build.0 = Debug|Any CPU
		{3D69FA0A-F04A-4F62-B9E1-1C5951AB89B7}.Debug|x64.ActiveCfg = Debug|Any CPU
		{3D69FA0A-F04A-4F62-B9E1-1C5951AB89B7}.Debug|x64.Build.0 = Debug|Any CPU
		{3D69FA0A-F04A-4F62-B9E1-1C5951AB89B7}.Debug|x86.ActiveCfg = Debug|Any CPU
		{3D69FA0A-F04A-4F62-B9E1-1C5951AB89B7}.Debug|x86.Build.0 = Debug|Any CPU
		{3D69FA0A-F04A-4F62-B9E1-1C5951AB89B7}.Release|Any CPU.ActiveCfg = Release|Any CPU
		{3D69FA0A-F04A-4F62-B9E1-1C5951AB89B7}.Release|Any CPU.Build.0 = Release|Any CPU
		{3D69FA0A-F04A-4F62-B9E1-1C5951AB89B7}.Release|x64.ActiveCfg = Release|Any CPU
		{3D69FA0A-F04A-4F62-B9E1-1C5951AB89B7}.Release|x64.Build.0 = Release|Any CPU
		{3D69FA0A-F04A-4F62-B9E1-1C5951AB89B7}.Release|x86.ActiveCfg = Release|Any CPU
		{3D69FA0A-F04A-4F62-B9E1-1C5951AB89B7}.Release|x86.Build.0 = Release|Any CPU
		{2813BC39-D2C7-4265-8126-C5CB45CFD53C}.Debug|Any CPU.ActiveCfg = Debug|Any CPU
		{2813BC39-D2C7-4265-8126-C5CB45CFD53C}.Debug|Any CPU.Build.0 = Debug|Any CPU
		{2813BC39-D2C7-4265-8126-C5CB45CFD53C}.Debug|x64.ActiveCfg = Debug|Any CPU
		{2813BC39-D2C7-4265-8126-C5CB45CFD53C}.Debug|x64.Build.0 = Debug|Any CPU
		{2813BC39-D2C7-4265-8126-C5CB45CFD53C}.Debug|x86.ActiveCfg = Debug|Any CPU
		{2813BC39-D2C7-4265-8126-C5CB45CFD53C}.Debug|x86.Build.0 = Debug|Any CPU
		{2813BC39-D2C7-4265-8126-C5CB45CFD53C}.Release|Any CPU.ActiveCfg = Release|Any CPU
		{2813BC39-D2C7-4265-8126-C5CB45CFD53C}.Release|Any CPU.Build.0 = Release|Any CPU
		{2813BC39-D2C7-4265-8126-C5CB45CFD53C}.Release|x64.ActiveCfg = Release|Any CPU
		{2813BC39-D2C7-4265-8126-C5CB45CFD53C}.Release|x64.Build.0 = Release|Any CPU
		{2813BC39-D2C7-4265-8126-C5CB45CFD53C}.Release|x86.ActiveCfg = Release|Any CPU
		{2813BC39-D2C7-4265-8126-C5CB45CFD53C}.Release|x86.Build.0 = Release|Any CPU
		{D3B929F0-6E10-4254-BAF9-996F1F0E2636}.Debug|Any CPU.ActiveCfg = Debug|Any CPU
		{D3B929F0-6E10-4254-BAF9-996F1F0E2636}.Debug|Any CPU.Build.0 = Debug|Any CPU
		{D3B929F0-6E10-4254-BAF9-996F1F0E2636}.Debug|x64.ActiveCfg = Debug|Any CPU
		{D3B929F0-6E10-4254-BAF9-996F1F0E2636}.Debug|x64.Build.0 = Debug|Any CPU
		{D3B929F0-6E10-4254-BAF9-996F1F0E2636}.Debug|x86.ActiveCfg = Debug|Any CPU
		{D3B929F0-6E10-4254-BAF9-996F1F0E2636}.Debug|x86.Build.0 = Debug|Any CPU
		{D3B929F0-6E10-4254-BAF9-996F1F0E2636}.Release|Any CPU.ActiveCfg = Release|Any CPU
		{D3B929F0-6E10-4254-BAF9-996F1F0E2636}.Release|Any CPU.Build.0 = Release|Any CPU
		{D3B929F0-6E10-4254-BAF9-996F1F0E2636}.Release|x64.ActiveCfg = Release|Any CPU
		{D3B929F0-6E10-4254-BAF9-996F1F0E2636}.Release|x64.Build.0 = Release|Any CPU
		{D3B929F0-6E10-4254-BAF9-996F1F0E2636}.Release|x86.ActiveCfg = Release|Any CPU
		{D3B929F0-6E10-4254-BAF9-996F1F0E2636}.Release|x86.Build.0 = Release|Any CPU
		{1F77EE6F-FF5B-4593-94FC-8D258ED86305}.Debug|Any CPU.ActiveCfg = Debug|Any CPU
		{1F77EE6F-FF5B-4593-94FC-8D258ED86305}.Debug|Any CPU.Build.0 = Debug|Any CPU
		{1F77EE6F-FF5B-4593-94FC-8D258ED86305}.Debug|x64.ActiveCfg = Debug|Any CPU
		{1F77EE6F-FF5B-4593-94FC-8D258ED86305}.Debug|x64.Build.0 = Debug|Any CPU
		{1F77EE6F-FF5B-4593-94FC-8D258ED86305}.Debug|x86.ActiveCfg = Debug|Any CPU
		{1F77EE6F-FF5B-4593-94FC-8D258ED86305}.Debug|x86.Build.0 = Debug|Any CPU
		{1F77EE6F-FF5B-4593-94FC-8D258ED86305}.Release|Any CPU.ActiveCfg = Release|Any CPU
		{1F77EE6F-FF5B-4593-94FC-8D258ED86305}.Release|Any CPU.Build.0 = Release|Any CPU
		{1F77EE6F-FF5B-4593-94FC-8D258ED86305}.Release|x64.ActiveCfg = Release|Any CPU
		{1F77EE6F-FF5B-4593-94FC-8D258ED86305}.Release|x64.Build.0 = Release|Any CPU
		{1F77EE6F-FF5B-4593-94FC-8D258ED86305}.Release|x86.ActiveCfg = Release|Any CPU
		{1F77EE6F-FF5B-4593-94FC-8D258ED86305}.Release|x86.Build.0 = Release|Any CPU
		{66C13E9D-3533-4EB4-A4C0-003546863CEF}.Debug|Any CPU.ActiveCfg = Debug|Any CPU
		{66C13E9D-3533-4EB4-A4C0-003546863CEF}.Debug|Any CPU.Build.0 = Debug|Any CPU
		{66C13E9D-3533-4EB4-A4C0-003546863CEF}.Debug|x64.ActiveCfg = Debug|Any CPU
		{66C13E9D-3533-4EB4-A4C0-003546863CEF}.Debug|x64.Build.0 = Debug|Any CPU
		{66C13E9D-3533-4EB4-A4C0-003546863CEF}.Debug|x86.ActiveCfg = Debug|Any CPU
		{66C13E9D-3533-4EB4-A4C0-003546863CEF}.Debug|x86.Build.0 = Debug|Any CPU
		{66C13E9D-3533-4EB4-A4C0-003546863CEF}.Release|Any CPU.ActiveCfg = Release|Any CPU
		{66C13E9D-3533-4EB4-A4C0-003546863CEF}.Release|Any CPU.Build.0 = Release|Any CPU
		{66C13E9D-3533-4EB4-A4C0-003546863CEF}.Release|x64.ActiveCfg = Release|Any CPU
		{66C13E9D-3533-4EB4-A4C0-003546863CEF}.Release|x64.Build.0 = Release|Any CPU
		{66C13E9D-3533-4EB4-A4C0-003546863CEF}.Release|x86.ActiveCfg = Release|Any CPU
		{66C13E9D-3533-4EB4-A4C0-003546863CEF}.Release|x86.Build.0 = Release|Any CPU
		{E3DE01A1-8FDF-47A8-A8BC-DA9DC2E6EE60}.Debug|Any CPU.ActiveCfg = Debug|Any CPU
		{E3DE01A1-8FDF-47A8-A8BC-DA9DC2E6EE60}.Debug|Any CPU.Build.0 = Debug|Any CPU
		{E3DE01A1-8FDF-47A8-A8BC-DA9DC2E6EE60}.Debug|x64.ActiveCfg = Debug|Any CPU
		{E3DE01A1-8FDF-47A8-A8BC-DA9DC2E6EE60}.Debug|x64.Build.0 = Debug|Any CPU
		{E3DE01A1-8FDF-47A8-A8BC-DA9DC2E6EE60}.Debug|x86.ActiveCfg = Debug|Any CPU
		{E3DE01A1-8FDF-47A8-A8BC-DA9DC2E6EE60}.Debug|x86.Build.0 = Debug|Any CPU
		{E3DE01A1-8FDF-47A8-A8BC-DA9DC2E6EE60}.Release|Any CPU.ActiveCfg = Release|Any CPU
		{E3DE01A1-8FDF-47A8-A8BC-DA9DC2E6EE60}.Release|Any CPU.Build.0 = Release|Any CPU
		{E3DE01A1-8FDF-47A8-A8BC-DA9DC2E6EE60}.Release|x64.ActiveCfg = Release|Any CPU
		{E3DE01A1-8FDF-47A8-A8BC-DA9DC2E6EE60}.Release|x64.Build.0 = Release|Any CPU
		{E3DE01A1-8FDF-47A8-A8BC-DA9DC2E6EE60}.Release|x86.ActiveCfg = Release|Any CPU
		{E3DE01A1-8FDF-47A8-A8BC-DA9DC2E6EE60}.Release|x86.Build.0 = Release|Any CPU
		{89A52C2B-6B47-4327-854F-E4E0FA5CCE05}.Debug|Any CPU.ActiveCfg = Debug|Any CPU
		{89A52C2B-6B47-4327-854F-E4E0FA5CCE05}.Debug|Any CPU.Build.0 = Debug|Any CPU
		{89A52C2B-6B47-4327-854F-E4E0FA5CCE05}.Debug|x64.ActiveCfg = Debug|Any CPU
		{89A52C2B-6B47-4327-854F-E4E0FA5CCE05}.Debug|x64.Build.0 = Debug|Any CPU
		{89A52C2B-6B47-4327-854F-E4E0FA5CCE05}.Debug|x86.ActiveCfg = Debug|Any CPU
		{89A52C2B-6B47-4327-854F-E4E0FA5CCE05}.Debug|x86.Build.0 = Debug|Any CPU
		{89A52C2B-6B47-4327-854F-E4E0FA5CCE05}.Release|Any CPU.ActiveCfg = Release|Any CPU
		{89A52C2B-6B47-4327-854F-E4E0FA5CCE05}.Release|Any CPU.Build.0 = Release|Any CPU
		{89A52C2B-6B47-4327-854F-E4E0FA5CCE05}.Release|x64.ActiveCfg = Release|Any CPU
		{89A52C2B-6B47-4327-854F-E4E0FA5CCE05}.Release|x64.Build.0 = Release|Any CPU
		{89A52C2B-6B47-4327-854F-E4E0FA5CCE05}.Release|x86.ActiveCfg = Release|Any CPU
		{89A52C2B-6B47-4327-854F-E4E0FA5CCE05}.Release|x86.Build.0 = Release|Any CPU
		{684F5409-EEE7-433B-A712-51AEE83CDD30}.Debug|Any CPU.ActiveCfg = Debug|Any CPU
		{684F5409-EEE7-433B-A712-51AEE83CDD30}.Debug|Any CPU.Build.0 = Debug|Any CPU
		{684F5409-EEE7-433B-A712-51AEE83CDD30}.Debug|x64.ActiveCfg = Debug|Any CPU
		{684F5409-EEE7-433B-A712-51AEE83CDD30}.Debug|x64.Build.0 = Debug|Any CPU
		{684F5409-EEE7-433B-A712-51AEE83CDD30}.Debug|x86.ActiveCfg = Debug|Any CPU
		{684F5409-EEE7-433B-A712-51AEE83CDD30}.Debug|x86.Build.0 = Debug|Any CPU
		{684F5409-EEE7-433B-A712-51AEE83CDD30}.Release|Any CPU.ActiveCfg = Release|Any CPU
		{684F5409-EEE7-433B-A712-51AEE83CDD30}.Release|Any CPU.Build.0 = Release|Any CPU
		{684F5409-EEE7-433B-A712-51AEE83CDD30}.Release|x64.ActiveCfg = Release|Any CPU
		{684F5409-EEE7-433B-A712-51AEE83CDD30}.Release|x64.Build.0 = Release|Any CPU
		{684F5409-EEE7-433B-A712-51AEE83CDD30}.Release|x86.ActiveCfg = Release|Any CPU
		{684F5409-EEE7-433B-A712-51AEE83CDD30}.Release|x86.Build.0 = Release|Any CPU
	EndGlobalSection
	GlobalSection(SolutionProperties) = preSolution
		HideSolutionNode = FALSE
	EndGlobalSection
	GlobalSection(NestedProjects) = preSolution
		{5E8CD4CF-FA16-49D6-BFA0-426B7A289306} = {827E0CD3-B72D-47B6-A68D-7590B98EB39B}
		{B70B51C6-0CF7-4C7A-AD03-B56C302A4602} = {827E0CD3-B72D-47B6-A68D-7590B98EB39B}
		{3D69FA0A-F04A-4F62-B9E1-1C5951AB89B7} = {827E0CD3-B72D-47B6-A68D-7590B98EB39B}
		{2813BC39-D2C7-4265-8126-C5CB45CFD53C} = {827E0CD3-B72D-47B6-A68D-7590B98EB39B}
		{D3B929F0-6E10-4254-BAF9-996F1F0E2636} = {827E0CD3-B72D-47B6-A68D-7590B98EB39B}
		{1F77EE6F-FF5B-4593-94FC-8D258ED86305} = {0AB3BF05-4346-4AA6-1389-037BE0695223}
		{66C13E9D-3533-4EB4-A4C0-003546863CEF} = {0AB3BF05-4346-4AA6-1389-037BE0695223}
		{E3DE01A1-8FDF-47A8-A8BC-DA9DC2E6EE60} = {0AB3BF05-4346-4AA6-1389-037BE0695223}
		{89A52C2B-6B47-4327-854F-E4E0FA5CCE05} = {827E0CD3-B72D-47B6-A68D-7590B98EB39B}
		{684F5409-EEE7-433B-A712-51AEE83CDD30} = {827E0CD3-B72D-47B6-A68D-7590B98EB39B}
	EndGlobalSection
EndGlobal
